
Microsoft Visual Studio Solution File, Format Version 12.00
# Visual Studio Version 17
VisualStudioVersion = 17.3.32901.215
MinimumVisualStudioVersion = 10.0.40219.1
Project("{FAE04EC0-301F-11D3-BF4B-00C04F79EFBC}") = "Calculadora", "Calculadora\Calculadora.csproj", "{3136A915-C11B-4852-B103-8C4FDA541312}"
EndProject
Global
	GlobalSection(SolutionConfigurationPlatforms) = preSolution
		Debug|Any CPU = Debug|Any CPU
		Release|Any CPU = Release|Any CPU
	EndGlobalSection
	GlobalSection(ProjectConfigurationPlatforms) = postSolution
		{3136A915-C11B-4852-B103-8C4FDA541312}.Debug|Any CPU.ActiveCfg = Debug|Any CPU
		{3136A915-C11B-4852-B103-8C4FDA541312}.Debug|Any CPU.Build.0 = Debug|Any CPU
		{3136A915-C11B-4852-B103-8C4FDA541312}.Release|Any CPU.ActiveCfg = Release|Any CPU
		{3136A915-C11B-4852-B103-8C4FDA541312}.Release|Any CPU.Build.0 = Release|Any CPU
	EndGlobalSection
	GlobalSection(SolutionProperties) = preSolution
		HideSolutionNode = FALSE
	EndGlobalSection
	GlobalSection(ExtensibilityGlobals) = postSolution
		SolutionGuid = {1BA9A3B4-E1A1-4C51-BB8C-D124152282A0}
	EndGlobalSection
EndGlobal
